
Microsoft Visual Studio Solution File, Format Version 12.00
# Visual Studio Version 16
VisualStudioVersion = 16.0.28809.33
MinimumVisualStudioVersion = 10.0.40219.1
Project("{2150E333-8FDC-42A3-9474-1A3956D46DE8}") = "src", "src", "{796064A2-D93D-47C3-B02A-8844FAB32162}"
EndProject
Project("{2150E333-8FDC-42A3-9474-1A3956D46DE8}") = "Services", "Services", "{773C1854-7EAC-4BE5-838B-2461E33530F1}"
EndProject
Project("{2150E333-8FDC-42A3-9474-1A3956D46DE8}") = "BuildingBlocks", "BuildingBlocks", "{3F4D3454-1402-463F-9101-31A5B661A248}"
EndProject
Project("{2150E333-8FDC-42A3-9474-1A3956D46DE8}") = "Web", "Web", "{7E65F64A-1822-414E-A3C1-FDCBCBF5101C}"
EndProject
Project("{2150E333-8FDC-42A3-9474-1A3956D46DE8}") = "AccoonApi", "AccoonApi", "{B54EDADB-1358-45A8-BD13-A096EE06AF40}"
EndProject
Project("{9A19103F-16F7-4668-BE54-9A1E7A4F7556}") = "Accoon.Api", "src\Services\AccoonApi\Accoon.Api\Accoon.Api.csproj", "{4988788A-9144-441E-92E6-81109D9280CC}"
EndProject
Project("{E53339B2-1760-4266-BCC7-CA923CBCF16C}") = "docker-compose", "docker-compose.dcproj", "{DA586C07-44A8-429A-B3BD-637B842DDBBF}"
EndProject
Project("{9A19103F-16F7-4668-BE54-9A1E7A4F7556}") = "Accoon.Api.DataServices.Concrete", "src\Services\AccoonApi\Accoon.Api.DataServices.Concrete\Accoon.Api.DataServices.Concrete.csproj", "{3489CE07-5EE4-413A-AE34-88E9735FFB9C}"
EndProject
Project("{9A19103F-16F7-4668-BE54-9A1E7A4F7556}") = "Accoon.Api.BussinessServices.Interfaces", "src\Services\AccoonApi\Accoon.Api.BussinessServices.Interfaces\Accoon.Api.BussinessServices.Interfaces.csproj", "{2A1D9E63-50E5-4832-9206-233AE7135767}"
EndProject
Project("{9A19103F-16F7-4668-BE54-9A1E7A4F7556}") = "Accoon.Api.BussinessServices.Concretes", "src\Services\AccoonApi\Accoon.Api.BussinessServices.Concretes\Accoon.Api.BussinessServices.Concretes.csproj", "{9E6F57FD-F168-471C-88E7-C48C69FF89D1}"
EndProject
Project("{9A19103F-16F7-4668-BE54-9A1E7A4F7556}") = "Accoon.BuildingBlocks.Common", "src\BuildingBlocks\Accoon.BuildingBlocks.Common\Accoon.BuildingBlocks.Common.csproj", "{3031D2B3-8127-48F2-969C-C0F5279A7DC0}"
EndProject
Project("{2150E333-8FDC-42A3-9474-1A3956D46DE8}") = "scripts", "scripts", "{27001C53-070E-4F96-A614-1A173C6B1A2F}"
	ProjectSection(SolutionItems) = preProject
		.travis.yml = .travis.yml
	EndProjectSection
EndProject
Project("{9A19103F-16F7-4668-BE54-9A1E7A4F7556}") = "Accoon.Api.BussinessServices.Entities", "src\Services\AccoonApi\Accoon.Api.BussinessServices.Entities\Accoon.Api.BussinessServices.Entities.csproj", "{D09193A2-4F93-420F-AEB4-FAF7E1909803}"
EndProject
Project("{9A19103F-16F7-4668-BE54-9A1E7A4F7556}") = "Accoon.Api.DataServices.Entities", "src\Services\AccoonApi\Accoon.Api.DataServices.Entities\Accoon.Api.DataServices.Entities.csproj", "{F66DD16D-FF18-43AE-96F0-446990CBC62C}"
EndProject
Project("{9A19103F-16F7-4668-BE54-9A1E7A4F7556}") = "Accoon.Api.DataServices.Interfaces", "src\Services\AccoonApi\Accoon.Api.DataServices.Interfaces\Accoon.Api.DataServices.Interfaces.csproj", "{C5AD5EFD-CF10-4B0B-BD90-DB0EF8306F27}"
EndProject
Project("{9A19103F-16F7-4668-BE54-9A1E7A4F7556}") = "Accoon.BuildingBlocks.WebHosting", "src\BuildingBlocks\Accoon.BuildingBlocks.WebHosting\Accoon.BuildingBlocks.WebHosting.csproj", "{16814B3F-0EF5-4CC9-AB53-35FE73E9C6A4}"
EndProject
Project("{9A19103F-16F7-4668-BE54-9A1E7A4F7556}") = "WebStatus", "src\Web\WebStatus\WebStatus.csproj", "{8AE046EB-2037-4CC0-B3AB-3CD27613B853}"
EndProject
Project("{2150E333-8FDC-42A3-9474-1A3956D46DE8}") = "ApiGateways", "ApiGateways", "{EE504D70-CD58-4D3D-AA7D-9EF765E40360}"
EndProject
Project("{9A19103F-16F7-4668-BE54-9A1E7A4F7556}") = "ApiGateway-Base", "src\ApiGateways\ApiGateway-Base\ApiGateway-Base.csproj", "{D5871A34-2F6B-40C1-A7AC-2B807D7C8D82}"
EndProject
Project("{2150E333-8FDC-42A3-9474-1A3956D46DE8}") = "AccoonTestApi", "AccoonTestApi", "{CBA35F12-F6B8-4716-8B8B-D57CB31CF954}"
EndProject
Project("{9A19103F-16F7-4668-BE54-9A1E7A4F7556}") = "AccoonTest.Api", "src\Services\AccoonTestApi\AccoonTest.Api\AccoonTest.Api.csproj", "{58347CC1-2DD0-4D1A-80C5-D88C563E5B00}"
EndProject
Project("{2150E333-8FDC-42A3-9474-1A3956D46DE8}") = "IdentityApi", "IdentityApi", "{EAC20A28-DEAF-4477-938C-20959D283ECA}"
EndProject
Project("{9A19103F-16F7-4668-BE54-9A1E7A4F7556}") = "Identity.Api", "src\Services\IdentityApi\Identity.Api\Identity.Api.csproj", "{0C0FDEDA-8FCB-42AC-8280-DA5C365ADC05}"
EndProject
Project("{2150E333-8FDC-42A3-9474-1A3956D46DE8}") = "CQRSCleanArchitectureApi", "CQRSCleanArchitectureApi", "{A207AE91-AAC5-4A06-B44D-3592B19DB726}"
EndProject
Project("{9A19103F-16F7-4668-BE54-9A1E7A4F7556}") = "Accoon.CQRSCAApi", "src\Services\CQRSCleanArchitectureApi\Accoon.CQRSCAApi\Accoon.CQRSCAApi.csproj", "{8110A927-2E35-43B7-98B3-784D5F1F0359}"
EndProject
Project("{2150E333-8FDC-42A3-9474-1A3956D46DE8}") = "Application", "Application", "{B0E0F655-5A5F-4880-816B-95FF7F80F803}"
EndProject
Project("{2150E333-8FDC-42A3-9474-1A3956D46DE8}") = "Infastructure", "Infastructure", "{89D21399-B450-4763-8A9A-8069005DB557}"
EndProject
Project("{2150E333-8FDC-42A3-9474-1A3956D46DE8}") = "Domain", "Domain", "{0048FCE3-A42D-4C89-AAC9-91B7C1B66E84}"
EndProject
Project("{9A19103F-16F7-4668-BE54-9A1E7A4F7556}") = "Accoon.CQRSCLApi.Domain", "src\Services\CQRSCleanArchitectureApi\Domin\Accoon.CQRSCLApi.Domain\Accoon.CQRSCLApi.Domain.csproj", "{B598F127-462D-4005-BD98-01742FB57EF4}"
EndProject
Project("{9A19103F-16F7-4668-BE54-9A1E7A4F7556}") = "Accoon.CQRSCAApi.Application", "src\Services\CQRSCleanArchitectureApi\Application\Accoon.CQRSCAApi.Application\Accoon.CQRSCAApi.Application.csproj", "{FA00A8AE-F843-4EC5-AAAC-E670F704F9E0}"
EndProject
Project("{2150E333-8FDC-42A3-9474-1A3956D46DE8}") = "Persistence", "Persistence", "{B6EFA5E7-E23A-4E48-8944-3E5ED6E11A5E}"
EndProject
Project("{9A19103F-16F7-4668-BE54-9A1E7A4F7556}") = "Accoon.CQRSCLApi.Persistence", "src\Services\CQRSCleanArchitectureApi\Persistence\Accoon.CQRSCLApi.Persistence\Accoon.CQRSCLApi.Persistence.csproj", "{00DDFAEF-4FF7-47B7-9650-95E2DC414A49}"
EndProject
Project("{FAE04EC0-301F-11D3-BF4B-00C04F79EFBC}") = "Accoon.CQRSCLApi.Infastructure", "src\Services\CQRSCleanArchitectureApi\Infastructure\Accoon.CQRSCLApi.Infastructure\Accoon.CQRSCLApi.Infastructure.csproj", "{21CCB98E-0264-4E83-B35E-B7D02FAB10BE}"
EndProject
Global
	GlobalSection(SolutionConfigurationPlatforms) = preSolution
		Debug|Any CPU = Debug|Any CPU
		Release|Any CPU = Release|Any CPU
	EndGlobalSection
	GlobalSection(ProjectConfigurationPlatforms) = postSolution
		{4988788A-9144-441E-92E6-81109D9280CC}.Debug|Any CPU.ActiveCfg = Debug|Any CPU
		{4988788A-9144-441E-92E6-81109D9280CC}.Debug|Any CPU.Build.0 = Debug|Any CPU
		{4988788A-9144-441E-92E6-81109D9280CC}.Release|Any CPU.ActiveCfg = Release|Any CPU
		{4988788A-9144-441E-92E6-81109D9280CC}.Release|Any CPU.Build.0 = Release|Any CPU
		{DA586C07-44A8-429A-B3BD-637B842DDBBF}.Debug|Any CPU.ActiveCfg = Debug|Any CPU
		{DA586C07-44A8-429A-B3BD-637B842DDBBF}.Debug|Any CPU.Build.0 = Debug|Any CPU
		{DA586C07-44A8-429A-B3BD-637B842DDBBF}.Release|Any CPU.ActiveCfg = Release|Any CPU
		{DA586C07-44A8-429A-B3BD-637B842DDBBF}.Release|Any CPU.Build.0 = Release|Any CPU
		{3489CE07-5EE4-413A-AE34-88E9735FFB9C}.Debug|Any CPU.ActiveCfg = Debug|Any CPU
		{3489CE07-5EE4-413A-AE34-88E9735FFB9C}.Debug|Any CPU.Build.0 = Debug|Any CPU
		{3489CE07-5EE4-413A-AE34-88E9735FFB9C}.Release|Any CPU.ActiveCfg = Release|Any CPU
		{3489CE07-5EE4-413A-AE34-88E9735FFB9C}.Release|Any CPU.Build.0 = Release|Any CPU
		{2A1D9E63-50E5-4832-9206-233AE7135767}.Debug|Any CPU.ActiveCfg = Debug|Any CPU
		{2A1D9E63-50E5-4832-9206-233AE7135767}.Debug|Any CPU.Build.0 = Debug|Any CPU
		{2A1D9E63-50E5-4832-9206-233AE7135767}.Release|Any CPU.ActiveCfg = Release|Any CPU
		{2A1D9E63-50E5-4832-9206-233AE7135767}.Release|Any CPU.Build.0 = Release|Any CPU
		{9E6F57FD-F168-471C-88E7-C48C69FF89D1}.Debug|Any CPU.ActiveCfg = Debug|Any CPU
		{9E6F57FD-F168-471C-88E7-C48C69FF89D1}.Debug|Any CPU.Build.0 = Debug|Any CPU
		{9E6F57FD-F168-471C-88E7-C48C69FF89D1}.Release|Any CPU.ActiveCfg = Release|Any CPU
		{9E6F57FD-F168-471C-88E7-C48C69FF89D1}.Release|Any CPU.Build.0 = Release|Any CPU
		{3031D2B3-8127-48F2-969C-C0F5279A7DC0}.Debug|Any CPU.ActiveCfg = Debug|Any CPU
		{3031D2B3-8127-48F2-969C-C0F5279A7DC0}.Debug|Any CPU.Build.0 = Debug|Any CPU
		{3031D2B3-8127-48F2-969C-C0F5279A7DC0}.Release|Any CPU.ActiveCfg = Release|Any CPU
		{3031D2B3-8127-48F2-969C-C0F5279A7DC0}.Release|Any CPU.Build.0 = Release|Any CPU
		{D09193A2-4F93-420F-AEB4-FAF7E1909803}.Debug|Any CPU.ActiveCfg = Debug|Any CPU
		{D09193A2-4F93-420F-AEB4-FAF7E1909803}.Debug|Any CPU.Build.0 = Debug|Any CPU
		{D09193A2-4F93-420F-AEB4-FAF7E1909803}.Release|Any CPU.ActiveCfg = Release|Any CPU
		{D09193A2-4F93-420F-AEB4-FAF7E1909803}.Release|Any CPU.Build.0 = Release|Any CPU
		{F66DD16D-FF18-43AE-96F0-446990CBC62C}.Debug|Any CPU.ActiveCfg = Debug|Any CPU
		{F66DD16D-FF18-43AE-96F0-446990CBC62C}.Debug|Any CPU.Build.0 = Debug|Any CPU
		{F66DD16D-FF18-43AE-96F0-446990CBC62C}.Release|Any CPU.ActiveCfg = Release|Any CPU
		{F66DD16D-FF18-43AE-96F0-446990CBC62C}.Release|Any CPU.Build.0 = Release|Any CPU
		{C5AD5EFD-CF10-4B0B-BD90-DB0EF8306F27}.Debug|Any CPU.ActiveCfg = Debug|Any CPU
		{C5AD5EFD-CF10-4B0B-BD90-DB0EF8306F27}.Debug|Any CPU.Build.0 = Debug|Any CPU
		{C5AD5EFD-CF10-4B0B-BD90-DB0EF8306F27}.Release|Any CPU.ActiveCfg = Release|Any CPU
		{C5AD5EFD-CF10-4B0B-BD90-DB0EF8306F27}.Release|Any CPU.Build.0 = Release|Any CPU
		{16814B3F-0EF5-4CC9-AB53-35FE73E9C6A4}.Debug|Any CPU.ActiveCfg = Debug|Any CPU
		{16814B3F-0EF5-4CC9-AB53-35FE73E9C6A4}.Debug|Any CPU.Build.0 = Debug|Any CPU
		{16814B3F-0EF5-4CC9-AB53-35FE73E9C6A4}.Release|Any CPU.ActiveCfg = Release|Any CPU
		{16814B3F-0EF5-4CC9-AB53-35FE73E9C6A4}.Release|Any CPU.Build.0 = Release|Any CPU
		{8AE046EB-2037-4CC0-B3AB-3CD27613B853}.Debug|Any CPU.ActiveCfg = Debug|Any CPU
		{8AE046EB-2037-4CC0-B3AB-3CD27613B853}.Debug|Any CPU.Build.0 = Debug|Any CPU
		{8AE046EB-2037-4CC0-B3AB-3CD27613B853}.Release|Any CPU.ActiveCfg = Release|Any CPU
		{8AE046EB-2037-4CC0-B3AB-3CD27613B853}.Release|Any CPU.Build.0 = Release|Any CPU
		{D5871A34-2F6B-40C1-A7AC-2B807D7C8D82}.Debug|Any CPU.ActiveCfg = Debug|Any CPU
		{D5871A34-2F6B-40C1-A7AC-2B807D7C8D82}.Debug|Any CPU.Build.0 = Debug|Any CPU
		{D5871A34-2F6B-40C1-A7AC-2B807D7C8D82}.Release|Any CPU.ActiveCfg = Release|Any CPU
		{D5871A34-2F6B-40C1-A7AC-2B807D7C8D82}.Release|Any CPU.Build.0 = Release|Any CPU
		{58347CC1-2DD0-4D1A-80C5-D88C563E5B00}.Debug|Any CPU.ActiveCfg = Debug|Any CPU
		{58347CC1-2DD0-4D1A-80C5-D88C563E5B00}.Debug|Any CPU.Build.0 = Debug|Any CPU
		{58347CC1-2DD0-4D1A-80C5-D88C563E5B00}.Release|Any CPU.ActiveCfg = Release|Any CPU
		{58347CC1-2DD0-4D1A-80C5-D88C563E5B00}.Release|Any CPU.Build.0 = Release|Any CPU
		{0C0FDEDA-8FCB-42AC-8280-DA5C365ADC05}.Debug|Any CPU.ActiveCfg = Debug|Any CPU
		{0C0FDEDA-8FCB-42AC-8280-DA5C365ADC05}.Debug|Any CPU.Build.0 = Debug|Any CPU
		{0C0FDEDA-8FCB-42AC-8280-DA5C365ADC05}.Release|Any CPU.ActiveCfg = Release|Any CPU
		{0C0FDEDA-8FCB-42AC-8280-DA5C365ADC05}.Release|Any CPU.Build.0 = Release|Any CPU
		{8110A927-2E35-43B7-98B3-784D5F1F0359}.Debug|Any CPU.ActiveCfg = Debug|Any CPU
		{8110A927-2E35-43B7-98B3-784D5F1F0359}.Debug|Any CPU.Build.0 = Debug|Any CPU
		{8110A927-2E35-43B7-98B3-784D5F1F0359}.Release|Any CPU.ActiveCfg = Release|Any CPU
		{8110A927-2E35-43B7-98B3-784D5F1F0359}.Release|Any CPU.Build.0 = Release|Any CPU
		{B598F127-462D-4005-BD98-01742FB57EF4}.Debug|Any CPU.ActiveCfg = Debug|Any CPU
		{B598F127-462D-4005-BD98-01742FB57EF4}.Debug|Any CPU.Build.0 = Debug|Any CPU
		{B598F127-462D-4005-BD98-01742FB57EF4}.Release|Any CPU.ActiveCfg = Release|Any CPU
		{B598F127-462D-4005-BD98-01742FB57EF4}.Release|Any CPU.Build.0 = Release|Any CPU
		{FA00A8AE-F843-4EC5-AAAC-E670F704F9E0}.Debug|Any CPU.ActiveCfg = Debug|Any CPU
		{FA00A8AE-F843-4EC5-AAAC-E670F704F9E0}.Debug|Any CPU.Build.0 = Debug|Any CPU
		{FA00A8AE-F843-4EC5-AAAC-E670F704F9E0}.Release|Any CPU.ActiveCfg = Release|Any CPU
		{FA00A8AE-F843-4EC5-AAAC-E670F704F9E0}.Release|Any CPU.Build.0 = Release|Any CPU
		{00DDFAEF-4FF7-47B7-9650-95E2DC414A49}.Debug|Any CPU.ActiveCfg = Debug|Any CPU
		{00DDFAEF-4FF7-47B7-9650-95E2DC414A49}.Debug|Any CPU.Build.0 = Debug|Any CPU
		{00DDFAEF-4FF7-47B7-9650-95E2DC414A49}.Release|Any CPU.ActiveCfg = Release|Any CPU
		{00DDFAEF-4FF7-47B7-9650-95E2DC414A49}.Release|Any CPU.Build.0 = Release|Any CPU
		{21CCB98E-0264-4E83-B35E-B7D02FAB10BE}.Debug|Any CPU.ActiveCfg = Debug|Any CPU
		{21CCB98E-0264-4E83-B35E-B7D02FAB10BE}.Debug|Any CPU.Build.0 = Debug|Any CPU
		{21CCB98E-0264-4E83-B35E-B7D02FAB10BE}.Release|Any CPU.ActiveCfg = Release|Any CPU
		{21CCB98E-0264-4E83-B35E-B7D02FAB10BE}.Release|Any CPU.Build.0 = Release|Any CPU
	EndGlobalSection
	GlobalSection(SolutionProperties) = preSolution
		HideSolutionNode = FALSE
	EndGlobalSection
	GlobalSection(NestedProjects) = preSolution
		{773C1854-7EAC-4BE5-838B-2461E33530F1} = {796064A2-D93D-47C3-B02A-8844FAB32162}
		{3F4D3454-1402-463F-9101-31A5B661A248} = {796064A2-D93D-47C3-B02A-8844FAB32162}
		{7E65F64A-1822-414E-A3C1-FDCBCBF5101C} = {796064A2-D93D-47C3-B02A-8844FAB32162}
		{B54EDADB-1358-45A8-BD13-A096EE06AF40} = {773C1854-7EAC-4BE5-838B-2461E33530F1}
		{4988788A-9144-441E-92E6-81109D9280CC} = {B54EDADB-1358-45A8-BD13-A096EE06AF40}
		{3489CE07-5EE4-413A-AE34-88E9735FFB9C} = {B54EDADB-1358-45A8-BD13-A096EE06AF40}
		{2A1D9E63-50E5-4832-9206-233AE7135767} = {B54EDADB-1358-45A8-BD13-A096EE06AF40}
		{9E6F57FD-F168-471C-88E7-C48C69FF89D1} = {B54EDADB-1358-45A8-BD13-A096EE06AF40}
		{3031D2B3-8127-48F2-969C-C0F5279A7DC0} = {3F4D3454-1402-463F-9101-31A5B661A248}
		{D09193A2-4F93-420F-AEB4-FAF7E1909803} = {B54EDADB-1358-45A8-BD13-A096EE06AF40}
		{F66DD16D-FF18-43AE-96F0-446990CBC62C} = {B54EDADB-1358-45A8-BD13-A096EE06AF40}
		{C5AD5EFD-CF10-4B0B-BD90-DB0EF8306F27} = {B54EDADB-1358-45A8-BD13-A096EE06AF40}
		{16814B3F-0EF5-4CC9-AB53-35FE73E9C6A4} = {3F4D3454-1402-463F-9101-31A5B661A248}
		{8AE046EB-2037-4CC0-B3AB-3CD27613B853} = {7E65F64A-1822-414E-A3C1-FDCBCBF5101C}
		{EE504D70-CD58-4D3D-AA7D-9EF765E40360} = {796064A2-D93D-47C3-B02A-8844FAB32162}
		{D5871A34-2F6B-40C1-A7AC-2B807D7C8D82} = {EE504D70-CD58-4D3D-AA7D-9EF765E40360}
		{CBA35F12-F6B8-4716-8B8B-D57CB31CF954} = {773C1854-7EAC-4BE5-838B-2461E33530F1}
		{58347CC1-2DD0-4D1A-80C5-D88C563E5B00} = {CBA35F12-F6B8-4716-8B8B-D57CB31CF954}
		{EAC20A28-DEAF-4477-938C-20959D283ECA} = {773C1854-7EAC-4BE5-838B-2461E33530F1}
		{0C0FDEDA-8FCB-42AC-8280-DA5C365ADC05} = {EAC20A28-DEAF-4477-938C-20959D283ECA}
		{A207AE91-AAC5-4A06-B44D-3592B19DB726} = {773C1854-7EAC-4BE5-838B-2461E33530F1}
		{8110A927-2E35-43B7-98B3-784D5F1F0359} = {A207AE91-AAC5-4A06-B44D-3592B19DB726}
		{B0E0F655-5A5F-4880-816B-95FF7F80F803} = {A207AE91-AAC5-4A06-B44D-3592B19DB726}
		{89D21399-B450-4763-8A9A-8069005DB557} = {A207AE91-AAC5-4A06-B44D-3592B19DB726}
		{0048FCE3-A42D-4C89-AAC9-91B7C1B66E84} = {A207AE91-AAC5-4A06-B44D-3592B19DB726}
		{B598F127-462D-4005-BD98-01742FB57EF4} = {0048FCE3-A42D-4C89-AAC9-91B7C1B66E84}
		{FA00A8AE-F843-4EC5-AAAC-E670F704F9E0} = {B0E0F655-5A5F-4880-816B-95FF7F80F803}
		{B6EFA5E7-E23A-4E48-8944-3E5ED6E11A5E} = {A207AE91-AAC5-4A06-B44D-3592B19DB726}
		{00DDFAEF-4FF7-47B7-9650-95E2DC414A49} = {B6EFA5E7-E23A-4E48-8944-3E5ED6E11A5E}
		{21CCB98E-0264-4E83-B35E-B7D02FAB10BE} = {89D21399-B450-4763-8A9A-8069005DB557}
	EndGlobalSection
	GlobalSection(ExtensibilityGlobals) = postSolution
		SolutionGuid = {FCFA0C45-859D-404B-9B33-A36D1340E828}
	EndGlobalSection
EndGlobal
